<?xml version="1.0" encoding="utf-8"?>
<Project ToolsVersion="15.0" xmlns="http://schemas.microsoft.com/developer/msbuild/2003">
  <ItemGroup>
    <Filter Include="Common">
      <UniqueIdentifier>cd3f66c4-a4d6-45f4-84a9-050e2f8794eb</UniqueIdentifier>
    </Filter>
    <Filter Include="Assets">
      <UniqueIdentifier>7d0eefee-7b94-4bc3-b157-e544818f427a</UniqueIdentifier>
      <Extensions>bmp;fbx;gif;jpg;jpeg;tga;tiff;tif;png</Extensions>
    </Filter>
    <Filter Include="Localization">
      <UniqueIdentifier>{ad284d66-e776-4da3-a56e-7bee6903ce4a}</UniqueIdentifier>
    </Filter>
    <Filter Include="Data">
      <UniqueIdentifier>{6598653a-60eb-4e7e-b997-8234c4608eaf}</UniqueIdentifier>
    </Filter>
    <Filter Include="ModelView">
      <UniqueIdentifier>{6aa20dd2-86e9-4b13-92e2-6369083b1abf}</UniqueIdentifier>
    </Filter>
    <Filter Include="Controls">
      <UniqueIdentifier>{296a0a52-fcfe-45aa-b188-8a424e8eaf2b}</UniqueIdentifier>
    </Filter>
  </ItemGroup>
  <ItemGroup>
    <ApplicationDefinition Include="App.xaml" />
  </ItemGroup>
  <ItemGroup>
    <ClCompile Include="App.xaml.cpp" />
    <ClCompile Include="MainPage.xaml.cpp" />
    <ClCompile Include="pch.cpp" />
    <ClCompile Include="ConnectedPage.xaml.cpp" />
    <ClCompile Include="Timeline.xaml.cpp" />
    <ClCompile Include="datatemplates.xaml.cpp" />
    <ClCompile Include="Login.xaml.cpp" />
    <ClCompile Include="Search.xaml.cpp" />
    <ClCompile Include="Profile.xaml.cpp" />
    <ClCompile Include="FocusedToot.xaml.cpp" />
    <ClCompile Include="tootviewer.xaml.cpp" />
    <ClCompile Include="toot.cpp">
      <Filter>Data</Filter>
    </ClCompile>
    <ClCompile Include="TootListModelView.cpp">
      <Filter>ModelView</Filter>
    </ClCompile>
  </ItemGroup>
  <ItemGroup>
    <ClInclude Include="pch.h" />
    <ClInclude Include="App.xaml.h" />
    <ClInclude Include="MainPage.xaml.h" />
    <ClInclude Include="ConnectedPage.xaml.h" />
    <ClInclude Include="Timeline.xaml.h" />
    <ClInclude Include="datatemplates.xaml.h" />
    <ClInclude Include="Login.xaml.h" />
    <ClInclude Include="Search.xaml.h" />
    <ClInclude Include="Profile.xaml.h" />
    <ClInclude Include="FocusedToot.xaml.h" />
    <ClInclude Include="resource.h" />
    <ClInclude Include="tootviewer.xaml.h" />
    <ClInclude Include="toot.h">
      <Filter>Data</Filter>
    </ClInclude>
    <ClInclude Include="TootListModelView.h">
      <Filter>ModelView</Filter>
    </ClInclude>
  </ItemGroup>
  <ItemGroup>
    <Image Include="Assets\LockScreenLogo.scale-200.png">
      <Filter>Assets</Filter>
    </Image>
    <Image Include="Assets\SplashScreen.scale-200.png">
      <Filter>Assets</Filter>
    </Image>
    <Image Include="Assets\Square150x150Logo.scale-200.png">
      <Filter>Assets</Filter>
    </Image>
    <Image Include="Assets\Square44x44Logo.scale-200.png">
      <Filter>Assets</Filter>
    </Image>
    <Image Include="Assets\Square44x44Logo.targetsize-24_altform-unplated.png">
      <Filter>Assets</Filter>
    </Image>
    <Image Include="Assets\StoreLogo.png">
      <Filter>Assets</Filter>
    </Image>
    <Image Include="Assets\Wide310x150Logo.scale-200.png">
      <Filter>Assets</Filter>
    </Image>
  </ItemGroup>
  <ItemGroup>
    <AppxManifest Include="Package.appxmanifest" />
  </ItemGroup>
  <ItemGroup>
    <None Include="client_TemporaryKey.pfx" />
    <None Include="packages.config" />
  </ItemGroup>
  <ItemGroup>
    <Page Include="MainPage.xaml" />
    <Page Include="ConnectedPage.xaml" />
    <Page Include="Timeline.xaml" />
    <Page Include="datatemplates.xaml" />
    <Page Include="Login.xaml" />
    <Page Include="Search.xaml" />
    <Page Include="Profile.xaml" />
    <Page Include="FocusedToot.xaml" />
    <Page Include="tootviewer.xaml">
      <Filter>Controls</Filter>
    </Page>
    <Page Include="TootWriter.xaml">
      <Filter>Controls</Filter>
    </Page>
  </ItemGroup>
</Project>